# This file is automatically @generated by Poetry 1.8.4 and should not be changed by hand.

[[package]]
name = "tatsu"
version = "5.13.1"
description = "TatSu takes a grammar in a variation of EBNF as input, and outputs a memoizing PEG/Packrat parser in Python."
optional = false
python-versions = ">=3.10"
files = [
    {file = "TatSu-5.13.1-py3-none-any.whl", hash = "sha256:941e12df8798f444957600346c52a5ff3455f485de5b4570a3a71a00ed896a14"},
    {file = "tatsu-5.13.1.tar.gz", hash = "sha256:df8c216eecd09af9b5b308624f1bfda1e4b5af3d3df1bdc4f331a1e8ea6bc012"},
]

[package.extras]
colorization = ["colorama"]
parproc = ["rich"]

[metadata]
lock-version = "2.0"
python-versions = "^3.12"
content-hash = "a7dc42faae4adad9a9f37349407b0810e2d8d6fc53fb76c315f69b0ad891904f"
