version = 1
revision = 1
requires-python = ">=3.10"

[[package]]
name = "acpixm"
version = "0.1.0"
source = { virtual = "." }
dependencies = [
    { name = "tatsu" },
]

[package.metadata]
requires-dist = [{ name = "tatsu", specifier = ">=5.13.1" }]

[[package]]
name = "tatsu"
version = "5.13.1"
source = { registry = "https://pypi.org/simple" }
sdist = { url = "https://files.pythonhosted.org/packages/e4/f8/20ede366a64e682ce734573e4ed81e16ff7d6dd23eb809c64b7a9659c124/tatsu-5.13.1.tar.gz", hash = "sha256:df8c216eecd09af9b5b308624f1bfda1e4b5af3d3df1bdc4f331a1e8ea6bc012", size = 131775 }
wheels = [
    { url = "https://files.pythonhosted.org/packages/f5/68/12d01401a484cc8466b48c9cc4f56b1b3207b683af3b9d740481f1b2bf9b/TatSu-5.13.1-py3-none-any.whl", hash = "sha256:941e12df8798f444957600346c52a5ff3455f485de5b4570a3a71a00ed896a14", size = 80195 },
]
